
Microsoft Visual Studio Solution File, Format Version 12.00
# Visual Studio Version 17
VisualStudioVersion = 17.6.33815.320
MinimumVisualStudioVersion = 10.0.40219.1
Project("{FAE04EC0-301F-11D3-BF4B-00C04F79EFBC}") = "WPF Animation Code", "WPF Animation Code\WPF Animation Code.csproj", "{0B02FDF4-4E25-41D7-83A4-B8005D8A5B07}"
EndProject
Project("{FAE04EC0-301F-11D3-BF4B-00C04F79EFBC}") = "WPF Animation XAML", "WPF Animation XAML\WPF Animation XAML.csproj", "{FC751327-DBC7-4A83-8FA0-0FE1E012C3C7}"
EndProject
Project("{FAE04EC0-301F-11D3-BF4B-00C04F79EFBC}") = "WPF TreeView", "WPF TreeView\WPF TreeView.csproj", "{A34365C5-59C2-47BD-B5DB-03977589F3F1}"
EndProject
Global
	GlobalSection(SolutionConfigurationPlatforms) = preSolution
		Debug|Any CPU = Debug|Any CPU
		Release|Any CPU = Release|Any CPU
	EndGlobalSection
	GlobalSection(ProjectConfigurationPlatforms) = postSolution
		{0B02FDF4-4E25-41D7-83A4-B8005D8A5B07}.Debug|Any CPU.ActiveCfg = Debug|Any CPU
		{0B02FDF4-4E25-41D7-83A4-B8005D8A5B07}.Debug|Any CPU.Build.0 = Debug|Any CPU
		{0B02FDF4-4E25-41D7-83A4-B8005D8A5B07}.Release|Any CPU.ActiveCfg = Release|Any CPU
		{0B02FDF4-4E25-41D7-83A4-B8005D8A5B07}.Release|Any CPU.Build.0 = Release|Any CPU
		{FC751327-DBC7-4A83-8FA0-0FE1E012C3C7}.Debug|Any CPU.ActiveCfg = Debug|Any CPU
		{FC751327-DBC7-4A83-8FA0-0FE1E012C3C7}.Debug|Any CPU.Build.0 = Debug|Any CPU
		{FC751327-DBC7-4A83-8FA0-0FE1E012C3C7}.Release|Any CPU.ActiveCfg = Release|Any CPU
		{FC751327-DBC7-4A83-8FA0-0FE1E012C3C7}.Release|Any CPU.Build.0 = Release|Any CPU
		{A34365C5-59C2-47BD-B5DB-03977589F3F1}.Debug|Any CPU.ActiveCfg = Debug|Any CPU
		{A34365C5-59C2-47BD-B5DB-03977589F3F1}.Debug|Any CPU.Build.0 = Debug|Any CPU
		{A34365C5-59C2-47BD-B5DB-03977589F3F1}.Release|Any CPU.ActiveCfg = Release|Any CPU
		{A34365C5-59C2-47BD-B5DB-03977589F3F1}.Release|Any CPU.Build.0 = Release|Any CPU
	EndGlobalSection
	GlobalSection(SolutionProperties) = preSolution
		HideSolutionNode = FALSE
	EndGlobalSection
	GlobalSection(ExtensibilityGlobals) = postSolution
		SolutionGuid = {F8C88733-58B7-42D7-8B3D-E77C2BE58E2C}
	EndGlobalSection
EndGlobal
